
Microsoft Visual Studio Solution File, Format Version 12.00
# Visual Studio 2012
Project("{FAE04EC0-301F-11D3-BF4B-00C04F79EFBC}") = "HelloWorld", "HelloWorld\HelloWorld.csproj", "{42530EA6-82AA-4E34-85A8-7D24EE90C1FA}"
EndProject
Project("{FAE04EC0-301F-11D3-BF4B-00C04F79EFBC}") = "HelloWorld.UITests", "HelloWorld.UITests\HelloWorld.UITests.csproj", "{8DD7DB21-37F0-4F05-8181-D1928D9CCAD7}"
EndProject
Global
	GlobalSection(SolutionConfigurationPlatforms) = preSolution
		Debug|iPhoneSimulator = Debug|iPhoneSimulator
		Release|iPhone = Release|iPhone
		Release|iPhoneSimulator = Release|iPhoneSimulator
		Debug|iPhone = Debug|iPhone
		Debug|Any CPU = Debug|Any CPU
		Release|Any CPU = Release|Any CPU
	EndGlobalSection
	GlobalSection(ProjectConfigurationPlatforms) = postSolution
		{42530EA6-82AA-4E34-85A8-7D24EE90C1FA}.Debug|iPhoneSimulator.ActiveCfg = Debug|iPhoneSimulator
		{42530EA6-82AA-4E34-85A8-7D24EE90C1FA}.Debug|iPhoneSimulator.Build.0 = Debug|iPhoneSimulator
		{42530EA6-82AA-4E34-85A8-7D24EE90C1FA}.Release|iPhone.ActiveCfg = Release|iPhone
		{42530EA6-82AA-4E34-85A8-7D24EE90C1FA}.Release|iPhone.Build.0 = Release|iPhone
		{42530EA6-82AA-4E34-85A8-7D24EE90C1FA}.Release|iPhoneSimulator.ActiveCfg = Release|iPhoneSimulator
		{42530EA6-82AA-4E34-85A8-7D24EE90C1FA}.Release|iPhoneSimulator.Build.0 = Release|iPhoneSimulator
		{42530EA6-82AA-4E34-85A8-7D24EE90C1FA}.Debug|iPhone.ActiveCfg = Debug|iPhone
		{42530EA6-82AA-4E34-85A8-7D24EE90C1FA}.Debug|iPhone.Build.0 = Debug|iPhone
		{42530EA6-82AA-4E34-85A8-7D24EE90C1FA}.Debug|Any CPU.ActiveCfg = Debug|iPhoneSimulator
		{42530EA6-82AA-4E34-85A8-7D24EE90C1FA}.Debug|Any CPU.Build.0 = Debug|iPhoneSimulator
		{42530EA6-82AA-4E34-85A8-7D24EE90C1FA}.Release|Any CPU.ActiveCfg = Release|iPhone
		{42530EA6-82AA-4E34-85A8-7D24EE90C1FA}.Release|Any CPU.Build.0 = Release|iPhone
		{8DD7DB21-37F0-4F05-8181-D1928D9CCAD7}.Debug|iPhoneSimulator.ActiveCfg = Debug|Any CPU
		{8DD7DB21-37F0-4F05-8181-D1928D9CCAD7}.Debug|iPhoneSimulator.Build.0 = Debug|Any CPU
		{8DD7DB21-37F0-4F05-8181-D1928D9CCAD7}.Release|iPhone.ActiveCfg = Release|Any CPU
		{8DD7DB21-37F0-4F05-8181-D1928D9CCAD7}.Release|iPhone.Build.0 = Release|Any CPU
		{8DD7DB21-37F0-4F05-8181-D1928D9CCAD7}.Release|iPhoneSimulator.ActiveCfg = Release|Any CPU
		{8DD7DB21-37F0-4F05-8181-D1928D9CCAD7}.Release|iPhoneSimulator.Build.0 = Release|Any CPU
		{8DD7DB21-37F0-4F05-8181-D1928D9CCAD7}.Debug|iPhone.ActiveCfg = Debug|Any CPU
		{8DD7DB21-37F0-4F05-8181-D1928D9CCAD7}.Debug|iPhone.Build.0 = Debug|Any CPU
		{8DD7DB21-37F0-4F05-8181-D1928D9CCAD7}.Debug|Any CPU.ActiveCfg = Debug|Any CPU
		{8DD7DB21-37F0-4F05-8181-D1928D9CCAD7}.Debug|Any CPU.Build.0 = Debug|Any CPU
		{8DD7DB21-37F0-4F05-8181-D1928D9CCAD7}.Release|Any CPU.ActiveCfg = Release|Any CPU
		{8DD7DB21-37F0-4F05-8181-D1928D9CCAD7}.Release|Any CPU.Build.0 = Release|Any CPU
	EndGlobalSection
EndGlobal
